// !$*UTF8*$!
{
	archiveVersion = 1;
	classes = {
	};
	objectVersion = 56;
	objects = {

/* Begin PBXBuildFile section */
		237AF7012A769CA900C3FA96 /* Data.swift in Sources */ = {isa = PBXBuildFile; fileRef = 237AF6EF2A769CA900C3FA96 /* Data.swift */; };
		237AF7022A769CA900C3FA96 /* CLLocation.swift in Sources */ = {isa = PBXBuildFile; fileRef = 237AF6F02A769CA900C3FA96 /* CLLocation.swift */; };
		237AF7032A769CA900C3FA96 /* UIColor+Hex.swift in Sources */ = {isa = PBXBuildFile; fileRef = 237AF6F12A769CA900C3FA96 /* UIColor+Hex.swift */; };
		237AF7042A769CA900C3FA96 /* UIApplication+Keyboard.swift in Sources */ = {isa = PBXBuildFile; fileRef = 237AF6F22A769CA900C3FA96 /* UIApplication+Keyboard.swift */; };
		237AF7052A769CA900C3FA96 /* FileManager.swift in Sources */ = {isa = PBXBuildFile; fileRef = 237AF6F32A769CA900C3FA96 /* FileManager.swift */; };
		237AF7062A769CA900C3FA96 /* TextField.swift in Sources */ = {isa = PBXBuildFile; fileRef = 237AF6F42A769CA900C3FA96 /* TextField.swift */; };
		237AF7092A769CA900C3FA96 /* String.swift in Sources */ = {isa = PBXBuildFile; fileRef = 237AF6F72A769CA900C3FA96 /* String.swift */; };
		237AF70A2A769CA900C3FA96 /* Optionals.swift in Sources */ = {isa = PBXBuildFile; fileRef = 237AF6F82A769CA900C3FA96 /* Optionals.swift */; };
		237AF70B2A769CA900C3FA96 /* View+AnyView.swift in Sources */ = {isa = PBXBuildFile; fileRef = 237AF6F92A769CA900C3FA96 /* View+AnyView.swift */; };
		237AF70C2A769CA900C3FA96 /* Double.swift in Sources */ = {isa = PBXBuildFile; fileRef = 237AF6FA2A769CA900C3FA96 /* Double.swift */; };
		237AF70D2A769CA900C3FA96 /* CGFloat+Random.swift in Sources */ = {isa = PBXBuildFile; fileRef = 237AF6FB2A769CA900C3FA96 /* CGFloat+Random.swift */; };
		237AF70E2A769CA900C3FA96 /* UIScreen.swift in Sources */ = {isa = PBXBuildFile; fileRef = 237AF6FC2A769CA900C3FA96 /* UIScreen.swift */; };
		237AF7102A769CA900C3FA96 /* UIEdgeInsets.swift in Sources */ = {isa = PBXBuildFile; fileRef = 237AF6FE2A769CA900C3FA96 /* UIEdgeInsets.swift */; };
		237AF7E12A769D1C00C3FA96 /* Kingfisher in Frameworks */ = {isa = PBXBuildFile; productRef = 237AF7E02A769D1C00C3FA96 /* Kingfisher */; };
		237AF8832A76A27E00C3FA96 /* HomeView.swift in Sources */ = {isa = PBXBuildFile; fileRef = 237AF8822A76A27E00C3FA96 /* HomeView.swift */; };
		237AF8892A76A2A600C3FA96 /* RegisterView.swift in Sources */ = {isa = PBXBuildFile; fileRef = 237AF8882A76A2A600C3FA96 /* RegisterView.swift */; };
		23AD291E2A85349000D751F1 /* CreateTaskView.swift in Sources */ = {isa = PBXBuildFile; fileRef = 23AD291D2A85349000D751F1 /* CreateTaskView.swift */; };
		23AD29202A85397100D751F1 /* TaskPriorityModel.swift in Sources */ = {isa = PBXBuildFile; fileRef = 23AD291F2A85397100D751F1 /* TaskPriorityModel.swift */; };
		23AD29222A853C6D00D751F1 /* TaskRequestModel.swift in Sources */ = {isa = PBXBuildFile; fileRef = 23AD29212A853C6D00D751F1 /* TaskRequestModel.swift */; };
		23C7F68D2A8409F400C9297B /* TaskStatusModel.swift in Sources */ = {isa = PBXBuildFile; fileRef = 23C7F68C2A8409F400C9297B /* TaskStatusModel.swift */; };
		23FA36E52A83C3A8008297DE /* UserManager.swift in Sources */ = {isa = PBXBuildFile; fileRef = 23FA36E42A83C3A8008297DE /* UserManager.swift */; };
		23FA36E72A83C3D1008297DE /* UserModel.swift in Sources */ = {isa = PBXBuildFile; fileRef = 23FA36E62A83C3D1008297DE /* UserModel.swift */; };
		23FA36EA2A83C49C008297DE /* Constants.swift in Sources */ = {isa = PBXBuildFile; fileRef = 23FA36E92A83C49C008297DE /* Constants.swift */; };
		23FA36EC2A83C64C008297DE /* AuthRegisterResponse.swift in Sources */ = {isa = PBXBuildFile; fileRef = 23FA36EB2A83C64C008297DE /* AuthRegisterResponse.swift */; };
		23FA36EE2A83D039008297DE /* AuthRequest.swift in Sources */ = {isa = PBXBuildFile; fileRef = 23FA36ED2A83D039008297DE /* AuthRequest.swift */; };
		23FA36F02A83D4C3008297DE /* AuthErrorResponse.swift in Sources */ = {isa = PBXBuildFile; fileRef = 23FA36EF2A83D4C3008297DE /* AuthErrorResponse.swift */; };
		23FA36F42A83DA94008297DE /* LoginView.swift in Sources */ = {isa = PBXBuildFile; fileRef = 23FA36F32A83DA94008297DE /* LoginView.swift */; };
		23FA36F62A83DDE7008297DE /* MainTabBarView.swift in Sources */ = {isa = PBXBuildFile; fileRef = 23FA36F52A83DDE7008297DE /* MainTabBarView.swift */; };
		23FA36F92A83DE84008297DE /* BoardMainView.swift in Sources */ = {isa = PBXBuildFile; fileRef = 23FA36F82A83DE84008297DE /* BoardMainView.swift */; };
		23FA36FC2A83DE93008297DE /* ProfileMainView.swift in Sources */ = {isa = PBXBuildFile; fileRef = 23FA36FB2A83DE93008297DE /* ProfileMainView.swift */; };
		23FA37022A83DFB7008297DE /* AllTasksViewModel.swift in Sources */ = {isa = PBXBuildFile; fileRef = 23FA37012A83DFB7008297DE /* AllTasksViewModel.swift */; };
		23FA37042A83E1DD008297DE /* TaskResponseModel.swift in Sources */ = {isa = PBXBuildFile; fileRef = 23FA37032A83E1DD008297DE /* TaskResponseModel.swift */; };
		23FB14BA2A769B4E004610FC /* NodeTaskManager_iOSApp.swift in Sources */ = {isa = PBXBuildFile; fileRef = 23FB14B92A769B4E004610FC /* NodeTaskManager_iOSApp.swift */; };
		23FB14BC2A769B4E004610FC /* ContentView.swift in Sources */ = {isa = PBXBuildFile; fileRef = 23FB14BB2A769B4E004610FC /* ContentView.swift */; };
		23FB14BE2A769B4F004610FC /* Assets.xcassets in Resources */ = {isa = PBXBuildFile; fileRef = 23FB14BD2A769B4F004610FC /* Assets.xcassets */; };
		23FB14C22A769B4F004610FC /* Preview Assets.xcassets in Resources */ = {isa = PBXBuildFile; fileRef = 23FB14C12A769B4F004610FC /* Preview Assets.xcassets */; };
/* End PBXBuildFile section */

/* Begin PBXContainerItemProxy section */
		23FB14C82A769B4F004610FC /* PBXContainerItemProxy */ = {
			isa = PBXContainerItemProxy;
			containerPortal = 23FB14AE2A769B4E004610FC /* Project object */;
			proxyType = 1;
			remoteGlobalIDString = 23FB14B52A769B4E004610FC;
			remoteInfo = "NodeTaskManager-iOS";
		};
		23FB14D22A769B4F004610FC /* PBXContainerItemProxy */ = {
			isa = PBXContainerItemProxy;
			containerPortal = 23FB14AE2A769B4E004610FC /* Project object */;
			proxyType = 1;
			remoteGlobalIDString = 23FB14B52A769B4E004610FC;
			remoteInfo = "NodeTaskManager-iOS";
		};
/* End PBXContainerItemProxy section */

/* Begin PBXFileReference section */
		237AF6EF2A769CA900C3FA96 /* Data.swift */ = {isa = PBXFileReference; fileEncoding = 4; lastKnownFileType = sourcecode.swift; path = Data.swift; sourceTree = "<group>"; };
		237AF6F02A769CA900C3FA96 /* CLLocation.swift */ = {isa = PBXFileReference; fileEncoding = 4; lastKnownFileType = sourcecode.swift; path = CLLocation.swift; sourceTree = "<group>"; };
		237AF6F12A769CA900C3FA96 /* UIColor+Hex.swift */ = {isa = PBXFileReference; fileEncoding = 4; lastKnownFileType = sourcecode.swift; path = "UIColor+Hex.swift"; sourceTree = "<group>"; };
		237AF6F22A769CA900C3FA96 /* UIApplication+Keyboard.swift */ = {isa = PBXFileReference; fileEncoding = 4; lastKnownFileType = sourcecode.swift; path = "UIApplication+Keyboard.swift"; sourceTree = "<group>"; };
		237AF6F32A769CA900C3FA96 /* FileManager.swift */ = {isa = PBXFileReference; fileEncoding = 4; lastKnownFileType = sourcecode.swift; path = FileManager.swift; sourceTree = "<group>"; };
		237AF6F42A769CA900C3FA96 /* TextField.swift */ = {isa = PBXFileReference; fileEncoding = 4; lastKnownFileType = sourcecode.swift; path = TextField.swift; sourceTree = "<group>"; };
		237AF6F72A769CA900C3FA96 /* String.swift */ = {isa = PBXFileReference; fileEncoding = 4; lastKnownFileType = sourcecode.swift; path = String.swift; sourceTree = "<group>"; };
		237AF6F82A769CA900C3FA96 /* Optionals.swift */ = {isa = PBXFileReference; fileEncoding = 4; lastKnownFileType = sourcecode.swift; path = Optionals.swift; sourceTree = "<group>"; };
		237AF6F92A769CA900C3FA96 /* View+AnyView.swift */ = {isa = PBXFileReference; fileEncoding = 4; lastKnownFileType = sourcecode.swift; path = "View+AnyView.swift"; sourceTree = "<group>"; };
		237AF6FA2A769CA900C3FA96 /* Double.swift */ = {isa = PBXFileReference; fileEncoding = 4; lastKnownFileType = sourcecode.swift; path = Double.swift; sourceTree = "<group>"; };
		237AF6FB2A769CA900C3FA96 /* CGFloat+Random.swift */ = {isa = PBXFileReference; fileEncoding = 4; lastKnownFileType = sourcecode.swift; path = "CGFloat+Random.swift"; sourceTree = "<group>"; };
		237AF6FC2A769CA900C3FA96 /* UIScreen.swift */ = {isa = PBXFileReference; fileEncoding = 4; lastKnownFileType = sourcecode.swift; path = UIScreen.swift; sourceTree = "<group>"; };
		237AF6FE2A769CA900C3FA96 /* UIEdgeInsets.swift */ = {isa = PBXFileReference; fileEncoding = 4; lastKnownFileType = sourcecode.swift; path = UIEdgeInsets.swift; sourceTree = "<group>"; };
		237AF8822A76A27E00C3FA96 /* HomeView.swift */ = {isa = PBXFileReference; lastKnownFileType = sourcecode.swift; path = HomeView.swift; sourceTree = "<group>"; };
		237AF8882A76A2A600C3FA96 /* RegisterView.swift */ = {isa = PBXFileReference; lastKnownFileType = sourcecode.swift; path = RegisterView.swift; sourceTree = "<group>"; };
		23AD291D2A85349000D751F1 /* CreateTaskView.swift */ = {isa = PBXFileReference; lastKnownFileType = sourcecode.swift; path = CreateTaskView.swift; sourceTree = "<group>"; };
		23AD291F2A85397100D751F1 /* TaskPriorityModel.swift */ = {isa = PBXFileReference; lastKnownFileType = sourcecode.swift; path = TaskPriorityModel.swift; sourceTree = "<group>"; };
		23AD29212A853C6D00D751F1 /* TaskRequestModel.swift */ = {isa = PBXFileReference; lastKnownFileType = sourcecode.swift; path = TaskRequestModel.swift; sourceTree = "<group>"; };
		23C7F68C2A8409F400C9297B /* TaskStatusModel.swift */ = {isa = PBXFileReference; lastKnownFileType = sourcecode.swift; path = TaskStatusModel.swift; sourceTree = "<group>"; };
		23FA36E42A83C3A8008297DE /* UserManager.swift */ = {isa = PBXFileReference; lastKnownFileType = sourcecode.swift; path = UserManager.swift; sourceTree = "<group>"; };
		23FA36E62A83C3D1008297DE /* UserModel.swift */ = {isa = PBXFileReference; lastKnownFileType = sourcecode.swift; path = UserModel.swift; sourceTree = "<group>"; };
		23FA36E92A83C49C008297DE /* Constants.swift */ = {isa = PBXFileReference; lastKnownFileType = sourcecode.swift; path = Constants.swift; sourceTree = "<group>"; };
		23FA36EB2A83C64C008297DE /* AuthRegisterResponse.swift */ = {isa = PBXFileReference; lastKnownFileType = sourcecode.swift; path = AuthRegisterResponse.swift; sourceTree = "<group>"; };
		23FA36ED2A83D039008297DE /* AuthRequest.swift */ = {isa = PBXFileReference; lastKnownFileType = sourcecode.swift; path = AuthRequest.swift; sourceTree = "<group>"; };
		23FA36EF2A83D4C3008297DE /* AuthErrorResponse.swift */ = {isa = PBXFileReference; lastKnownFileType = sourcecode.swift; path = AuthErrorResponse.swift; sourceTree = "<group>"; };
		23FA36F32A83DA94008297DE /* LoginView.swift */ = {isa = PBXFileReference; lastKnownFileType = sourcecode.swift; path = LoginView.swift; sourceTree = "<group>"; };
		23FA36F52A83DDE7008297DE /* MainTabBarView.swift */ = {isa = PBXFileReference; lastKnownFileType = sourcecode.swift; path = MainTabBarView.swift; sourceTree = "<group>"; };
		23FA36F82A83DE84008297DE /* BoardMainView.swift */ = {isa = PBXFileReference; lastKnownFileType = sourcecode.swift; path = BoardMainView.swift; sourceTree = "<group>"; };
		23FA36FB2A83DE93008297DE /* ProfileMainView.swift */ = {isa = PBXFileReference; lastKnownFileType = sourcecode.swift; path = ProfileMainView.swift; sourceTree = "<group>"; };
		23FA37012A83DFB7008297DE /* AllTasksViewModel.swift */ = {isa = PBXFileReference; lastKnownFileType = sourcecode.swift; path = AllTasksViewModel.swift; sourceTree = "<group>"; };
		23FA37032A83E1DD008297DE /* TaskResponseModel.swift */ = {isa = PBXFileReference; lastKnownFileType = sourcecode.swift; path = TaskResponseModel.swift; sourceTree = "<group>"; };
		23FB14B62A769B4E004610FC /* NodeTaskManager-iOS.app */ = {isa = PBXFileReference; explicitFileType = wrapper.application; includeInIndex = 0; path = "NodeTaskManager-iOS.app"; sourceTree = BUILT_PRODUCTS_DIR; };
		23FB14B92A769B4E004610FC /* NodeTaskManager_iOSApp.swift */ = {isa = PBXFileReference; lastKnownFileType = sourcecode.swift; path = NodeTaskManager_iOSApp.swift; sourceTree = "<group>"; };
		23FB14BB2A769B4E004610FC /* ContentView.swift */ = {isa = PBXFileReference; lastKnownFileType = sourcecode.swift; path = ContentView.swift; sourceTree = "<group>"; };
		23FB14BD2A769B4F004610FC /* Assets.xcassets */ = {isa = PBXFileReference; lastKnownFileType = folder.assetcatalog; path = Assets.xcassets; sourceTree = "<group>"; };
		23FB14BF2A769B4F004610FC /* NodeTaskManager_iOS.entitlements */ = {isa = PBXFileReference; lastKnownFileType = text.plist.entitlements; path = NodeTaskManager_iOS.entitlements; sourceTree = "<group>"; };
		23FB14C12A769B4F004610FC /* Preview Assets.xcassets */ = {isa = PBXFileReference; lastKnownFileType = folder.assetcatalog; path = "Preview Assets.xcassets"; sourceTree = "<group>"; };
		23FB14C72A769B4F004610FC /* NodeTaskManager-iOSTests.xctest */ = {isa = PBXFileReference; explicitFileType = wrapper.cfbundle; includeInIndex = 0; path = "NodeTaskManager-iOSTests.xctest"; sourceTree = BUILT_PRODUCTS_DIR; };
		23FB14D12A769B4F004610FC /* NodeTaskManager-iOSUITests.xctest */ = {isa = PBXFileReference; explicitFileType = wrapper.cfbundle; includeInIndex = 0; path = "NodeTaskManager-iOSUITests.xctest"; sourceTree = BUILT_PRODUCTS_DIR; };
/* End PBXFileReference section */

/* Begin PBXFrameworksBuildPhase section */
		23FB14B32A769B4E004610FC /* Frameworks */ = {
			isa = PBXFrameworksBuildPhase;
			buildActionMask = 2147483647;
			files = (
				237AF7E12A769D1C00C3FA96 /* Kingfisher in Frameworks */,
			);
			runOnlyForDeploymentPostprocessing = 0;
		};
		23FB14C42A769B4F004610FC /* Frameworks */ = {
			isa = PBXFrameworksBuildPhase;
			buildActionMask = 2147483647;
			files = (
			);
			runOnlyForDeploymentPostprocessing = 0;
		};
		23FB14CE2A769B4F004610FC /* Frameworks */ = {
			isa = PBXFrameworksBuildPhase;
			buildActionMask = 2147483647;
			files = (
			);
			runOnlyForDeploymentPostprocessing = 0;
		};
/* End PBXFrameworksBuildPhase section */

/* Begin PBXGroup section */
		237AF6EC2A769CA900C3FA96 /* Extensions */ = {
			isa = PBXGroup;
			children = (
				237AF6EF2A769CA900C3FA96 /* Data.swift */,
				237AF6F02A769CA900C3FA96 /* CLLocation.swift */,
				237AF6F12A769CA900C3FA96 /* UIColor+Hex.swift */,
				237AF6F22A769CA900C3FA96 /* UIApplication+Keyboard.swift */,
				237AF6F32A769CA900C3FA96 /* FileManager.swift */,
				237AF6F42A769CA900C3FA96 /* TextField.swift */,
				237AF6F72A769CA900C3FA96 /* String.swift */,
				237AF6F82A769CA900C3FA96 /* Optionals.swift */,
				237AF6F92A769CA900C3FA96 /* View+AnyView.swift */,
				237AF6FA2A769CA900C3FA96 /* Double.swift */,
				237AF6FB2A769CA900C3FA96 /* CGFloat+Random.swift */,
				237AF6FC2A769CA900C3FA96 /* UIScreen.swift */,
				237AF6FE2A769CA900C3FA96 /* UIEdgeInsets.swift */,
			);
			path = Extensions;
			sourceTree = "<group>";
		};
		237AF7E22A769D7300C3FA96 /* Source */ = {
			isa = PBXGroup;
			children = (
				237AF8842A76A28300C3FA96 /* Auth */,
				237AF8812A76A26300C3FA96 /* Main */,
			);
			path = Source;
			sourceTree = "<group>";
		};
		237AF8812A76A26300C3FA96 /* Main */ = {
			isa = PBXGroup;
			children = (
				23FA36F52A83DDE7008297DE /* MainTabBarView.swift */,
				23FA36FD2A83DF88008297DE /* AllTasks */,
				23FA36FA2A83DE8E008297DE /* Profile */,
				23FA36F72A83DE7C008297DE /* Board */,
			);
			path = Main;
			sourceTree = "<group>";
		};
		237AF8842A76A28300C3FA96 /* Auth */ = {
			isa = PBXGroup;
			children = (
				237AF8872A76A29200C3FA96 /* Model */,
				237AF8862A76A28A00C3FA96 /* ViewModel */,
				237AF8852A76A28700C3FA96 /* View */,
			);
			path = Auth;
			sourceTree = "<group>";
		};
		237AF8852A76A28700C3FA96 /* View */ = {
			isa = PBXGroup;
			children = (
				237AF8882A76A2A600C3FA96 /* RegisterView.swift */,
				23FA36F32A83DA94008297DE /* LoginView.swift */,
			);
			path = View;
			sourceTree = "<group>";
		};
		237AF8862A76A28A00C3FA96 /* ViewModel */ = {
			isa = PBXGroup;
			children = (
			);
			path = ViewModel;
			sourceTree = "<group>";
		};
		237AF8872A76A29200C3FA96 /* Model */ = {
			isa = PBXGroup;
			children = (
				23FA36E62A83C3D1008297DE /* UserModel.swift */,
				23FA36EB2A83C64C008297DE /* AuthRegisterResponse.swift */,
				23FA36ED2A83D039008297DE /* AuthRequest.swift */,
				23FA36EF2A83D4C3008297DE /* AuthErrorResponse.swift */,
			);
			path = Model;
			sourceTree = "<group>";
		};
		23FA36E22A83C39D008297DE /* Managers */ = {
			isa = PBXGroup;
			children = (
				23FA36E32A83C3A2008297DE /* Auth */,
			);
			path = Managers;
			sourceTree = "<group>";
		};
		23FA36E32A83C3A2008297DE /* Auth */ = {
			isa = PBXGroup;
			children = (
				23FA36E42A83C3A8008297DE /* UserManager.swift */,
			);
			path = Auth;
			sourceTree = "<group>";
		};
		23FA36E82A83C496008297DE /* Helpers */ = {
			isa = PBXGroup;
			children = (
				23FA36E92A83C49C008297DE /* Constants.swift */,
			);
			path = Helpers;
			sourceTree = "<group>";
		};
		23FA36F72A83DE7C008297DE /* Board */ = {
			isa = PBXGroup;
			children = (
				23FA36F82A83DE84008297DE /* BoardMainView.swift */,
			);
			path = Board;
			sourceTree = "<group>";
		};
		23FA36FA2A83DE8E008297DE /* Profile */ = {
			isa = PBXGroup;
			children = (
				23FA36FB2A83DE93008297DE /* ProfileMainView.swift */,
			);
			path = Profile;
			sourceTree = "<group>";
		};
		23FA36FD2A83DF88008297DE /* AllTasks */ = {
			isa = PBXGroup;
			children = (
				23FA37002A83DFA5008297DE /* Model */,
				23FA36FF2A83DFA2008297DE /* ViewModel */,
				23FA36FE2A83DF9E008297DE /* View */,
			);
			path = AllTasks;
			sourceTree = "<group>";
		};
		23FA36FE2A83DF9E008297DE /* View */ = {
			isa = PBXGroup;
			children = (
				237AF8822A76A27E00C3FA96 /* HomeView.swift */,
				23AD291D2A85349000D751F1 /* CreateTaskView.swift */,
			);
			path = View;
			sourceTree = "<group>";
		};
		23FA36FF2A83DFA2008297DE /* ViewModel */ = {
			isa = PBXGroup;
			children = (
				23FA37012A83DFB7008297DE /* AllTasksViewModel.swift */,
			);
			path = ViewModel;
			sourceTree = "<group>";
		};
		23FA37002A83DFA5008297DE /* Model */ = {
			isa = PBXGroup;
			children = (
				23FA37032A83E1DD008297DE /* TaskResponseModel.swift */,
				23AD29212A853C6D00D751F1 /* TaskRequestModel.swift */,
				23C7F68C2A8409F400C9297B /* TaskStatusModel.swift */,
				23AD291F2A85397100D751F1 /* TaskPriorityModel.swift */,
			);
			path = Model;
			sourceTree = "<group>";
		};
		23FB14AD2A769B4E004610FC = {
			isa = PBXGroup;
			children = (
				23FB14B82A769B4E004610FC /* NodeTaskManager-iOS */,
				23FB14B72A769B4E004610FC /* Products */,
			);
			sourceTree = "<group>";
		};
		23FB14B72A769B4E004610FC /* Products */ = {
			isa = PBXGroup;
			children = (
				23FB14B62A769B4E004610FC /* NodeTaskManager-iOS.app */,
				23FB14C72A769B4F004610FC /* NodeTaskManager-iOSTests.xctest */,
				23FB14D12A769B4F004610FC /* NodeTaskManager-iOSUITests.xctest */,
			);
			name = Products;
			sourceTree = "<group>";
		};
		23FB14B82A769B4E004610FC /* NodeTaskManager-iOS */ = {
			isa = PBXGroup;
			children = (
				23FB14B92A769B4E004610FC /* NodeTaskManager_iOSApp.swift */,
				23FB14BB2A769B4E004610FC /* ContentView.swift */,
				23FA36E82A83C496008297DE /* Helpers */,
				23FA36E22A83C39D008297DE /* Managers */,
				237AF7E22A769D7300C3FA96 /* Source */,
				237AF6EC2A769CA900C3FA96 /* Extensions */,
				23FB14BD2A769B4F004610FC /* Assets.xcassets */,
				23FB14BF2A769B4F004610FC /* NodeTaskManager_iOS.entitlements */,
				23FB14C02A769B4F004610FC /* Preview Content */,
			);
			path = "NodeTaskManager-iOS";
			sourceTree = "<group>";
		};
		23FB14C02A769B4F004610FC /* Preview Content */ = {
			isa = PBXGroup;
			children = (
				23FB14C12A769B4F004610FC /* Preview Assets.xcassets */,
			);
			path = "Preview Content";
			sourceTree = "<group>";
		};
/* End PBXGroup section */

/* Begin PBXNativeTarget section */
		23FB14B52A769B4E004610FC /* NodeTaskManager-iOS */ = {
			isa = PBXNativeTarget;
			buildConfigurationList = 23FB14DB2A769B4F004610FC /* Build configuration list for PBXNativeTarget "NodeTaskManager-iOS" */;
			buildPhases = (
				23FB14B22A769B4E004610FC /* Sources */,
				23FB14B32A769B4E004610FC /* Frameworks */,
				23FB14B42A769B4E004610FC /* Resources */,
			);
			buildRules = (
			);
			dependencies = (
			);
			name = "NodeTaskManager-iOS";
			packageProductDependencies = (
				237AF7E02A769D1C00C3FA96 /* Kingfisher */,
			);
			productName = "NodeTaskManager-iOS";
			productReference = 23FB14B62A769B4E004610FC /* NodeTaskManager-iOS.app */;
			productType = "com.apple.product-type.application";
		};
		23FB14C62A769B4F004610FC /* NodeTaskManager-iOSTests */ = {
			isa = PBXNativeTarget;
			buildConfigurationList = 23FB14DE2A769B4F004610FC /* Build configuration list for PBXNativeTarget "NodeTaskManager-iOSTests" */;
			buildPhases = (
				23FB14C32A769B4F004610FC /* Sources */,
				23FB14C42A769B4F004610FC /* Frameworks */,
				23FB14C52A769B4F004610FC /* Resources */,
			);
			buildRules = (
			);
			dependencies = (
				23FB14C92A769B4F004610FC /* PBXTargetDependency */,
			);
			name = "NodeTaskManager-iOSTests";
			productName = "NodeTaskManager-iOSTests";
			productReference = 23FB14C72A769B4F004610FC /* NodeTaskManager-iOSTests.xctest */;
			productType = "com.apple.product-type.bundle.unit-test";
		};
		23FB14D02A769B4F004610FC /* NodeTaskManager-iOSUITests */ = {
			isa = PBXNativeTarget;
			buildConfigurationList = 23FB14E12A769B4F004610FC /* Build configuration list for PBXNativeTarget "NodeTaskManager-iOSUITests" */;
			buildPhases = (
				23FB14CD2A769B4F004610FC /* Sources */,
				23FB14CE2A769B4F004610FC /* Frameworks */,
				23FB14CF2A769B4F004610FC /* Resources */,
			);
			buildRules = (
			);
			dependencies = (
				23FB14D32A769B4F004610FC /* PBXTargetDependency */,
			);
			name = "NodeTaskManager-iOSUITests";
			productName = "NodeTaskManager-iOSUITests";
			productReference = 23FB14D12A769B4F004610FC /* NodeTaskManager-iOSUITests.xctest */;
			productType = "com.apple.product-type.bundle.ui-testing";
		};
/* End PBXNativeTarget section */

/* Begin PBXProject section */
		23FB14AE2A769B4E004610FC /* Project object */ = {
			isa = PBXProject;
			attributes = {
				BuildIndependentTargetsInParallel = 1;
				LastSwiftUpdateCheck = 1420;
				LastUpgradeCheck = 1420;
				TargetAttributes = {
					23FB14B52A769B4E004610FC = {
						CreatedOnToolsVersion = 14.2;
					};
					23FB14C62A769B4F004610FC = {
						CreatedOnToolsVersion = 14.2;
						TestTargetID = 23FB14B52A769B4E004610FC;
					};
					23FB14D02A769B4F004610FC = {
						CreatedOnToolsVersion = 14.2;
						TestTargetID = 23FB14B52A769B4E004610FC;
					};
				};
			};
			buildConfigurationList = 23FB14B12A769B4E004610FC /* Build configuration list for PBXProject "NodeTaskManager-iOS" */;
			compatibilityVersion = "Xcode 14.0";
			developmentRegion = en;
			hasScannedForEncodings = 0;
			knownRegions = (
				en,
				Base,
			);
			mainGroup = 23FB14AD2A769B4E004610FC;
			packageReferences = (
				237AF7DF2A769D1C00C3FA96 /* XCRemoteSwiftPackageReference "Kingfisher" */,
			);
			productRefGroup = 23FB14B72A769B4E004610FC /* Products */;
			projectDirPath = "";
			projectRoot = "";
			targets = (
				23FB14B52A769B4E004610FC /* NodeTaskManager-iOS */,
				23FB14C62A769B4F004610FC /* NodeTaskManager-iOSTests */,
				23FB14D02A769B4F004610FC /* NodeTaskManager-iOSUITests */,
			);
		};
/* End PBXProject section */

/* Begin PBXResourcesBuildPhase section */
		23FB14B42A769B4E004610FC /* Resources */ = {
			isa = PBXResourcesBuildPhase;
			buildActionMask = 2147483647;
			files = (
				23FB14C22A769B4F004610FC /* Preview Assets.xcassets in Resources */,
				23FB14BE2A769B4F004610FC /* Assets.xcassets in Resources */,
			);
			runOnlyForDeploymentPostprocessing = 0;
		};
		23FB14C52A769B4F004610FC /* Resources */ = {
			isa = PBXResourcesBuildPhase;
			buildActionMask = 2147483647;
			files = (
			);
			runOnlyForDeploymentPostprocessing = 0;
		};
		23FB14CF2A769B4F004610FC /* Resources */ = {
			isa = PBXResourcesBuildPhase;
			buildActionMask = 2147483647;
			files = (
			);
			runOnlyForDeploymentPostprocessing = 0;
		};
/* End PBXResourcesBuildPhase section */

/* Begin PBXSourcesBuildPhase section */
		23FB14B22A769B4E004610FC /* Sources */ = {
			isa = PBXSourcesBuildPhase;
			buildActionMask = 2147483647;
			files = (
				23AD29222A853C6D00D751F1 /* TaskRequestModel.swift in Sources */,
				23FA36E52A83C3A8008297DE /* UserManager.swift in Sources */,
				23FA36EE2A83D039008297DE /* AuthRequest.swift in Sources */,
				237AF7062A769CA900C3FA96 /* TextField.swift in Sources */,
				237AF7042A769CA900C3FA96 /* UIApplication+Keyboard.swift in Sources */,
				237AF7022A769CA900C3FA96 /* CLLocation.swift in Sources */,
				237AF70B2A769CA900C3FA96 /* View+AnyView.swift in Sources */,
				23FA36F42A83DA94008297DE /* LoginView.swift in Sources */,
				237AF7032A769CA900C3FA96 /* UIColor+Hex.swift in Sources */,
				23FA37042A83E1DD008297DE /* TaskResponseModel.swift in Sources */,
				237AF70D2A769CA900C3FA96 /* CGFloat+Random.swift in Sources */,
				23FA36F02A83D4C3008297DE /* AuthErrorResponse.swift in Sources */,
				237AF7092A769CA900C3FA96 /* String.swift in Sources */,
				23FB14BC2A769B4E004610FC /* ContentView.swift in Sources */,
				237AF8892A76A2A600C3FA96 /* RegisterView.swift in Sources */,
				23FB14BA2A769B4E004610FC /* NodeTaskManager_iOSApp.swift in Sources */,
				23FA36F92A83DE84008297DE /* BoardMainView.swift in Sources */,
				237AF70A2A769CA900C3FA96 /* Optionals.swift in Sources */,
				23FA36F62A83DDE7008297DE /* MainTabBarView.swift in Sources */,
				23FA37022A83DFB7008297DE /* AllTasksViewModel.swift in Sources */,
				237AF7012A769CA900C3FA96 /* Data.swift in Sources */,
				23FA36FC2A83DE93008297DE /* ProfileMainView.swift in Sources */,
				237AF70C2A769CA900C3FA96 /* Double.swift in Sources */,
				237AF7052A769CA900C3FA96 /* FileManager.swift in Sources */,
				23AD291E2A85349000D751F1 /* CreateTaskView.swift in Sources */,
				23AD29202A85397100D751F1 /* TaskPriorityModel.swift in Sources */,
				23FA36EA2A83C49C008297DE /* Constants.swift in Sources */,
				23C7F68D2A8409F400C9297B /* TaskStatusModel.swift in Sources */,
				23FA36E72A83C3D1008297DE /* UserModel.swift in Sources */,
				237AF8832A76A27E00C3FA96 /* HomeView.swift in Sources */,
				237AF7102A769CA900C3FA96 /* UIEdgeInsets.swift in Sources */,
				23FA36EC2A83C64C008297DE /* AuthRegisterResponse.swift in Sources */,
				237AF70E2A769CA900C3FA96 /* UIScreen.swift in Sources */,
			);
			runOnlyForDeploymentPostprocessing = 0;
		};
		23FB14C32A769B4F004610FC /* Sources */ = {
			isa = PBXSourcesBuildPhase;
			buildActionMask = 2147483647;
			files = (
			);
			runOnlyForDeploymentPostprocessing = 0;
		};
		23FB14CD2A769B4F004610FC /* Sources */ = {
			isa = PBXSourcesBuildPhase;
			buildActionMask = 2147483647;
			files = (
			);
			runOnlyForDeploymentPostprocessing = 0;
		};
/* End PBXSourcesBuildPhase section */

/* Begin PBXTargetDependency section */
		23FB14C92A769B4F004610FC /* PBXTargetDependency */ = {
			isa = PBXTargetDependency;
			target = 23FB14B52A769B4E004610FC /* NodeTaskManager-iOS */;
			targetProxy = 23FB14C82A769B4F004610FC /* PBXContainerItemProxy */;
		};
		23FB14D32A769B4F004610FC /* PBXTargetDependency */ = {
			isa = PBXTargetDependency;
			target = 23FB14B52A769B4E004610FC /* NodeTaskManager-iOS */;
			targetProxy = 23FB14D22A769B4F004610FC /* PBXContainerItemProxy */;
		};
/* End PBXTargetDependency section */

/* Begin XCBuildConfiguration section */
		23FB14D92A769B4F004610FC /* Debug */ = {
			isa = XCBuildConfiguration;
			buildSettings = {
				ALWAYS_SEARCH_USER_PATHS = NO;
				CLANG_ANALYZER_NONNULL = YES;
				CLANG_ANALYZER_NUMBER_OBJECT_CONVERSION = YES_AGGRESSIVE;
				CLANG_CXX_LANGUAGE_STANDARD = "gnu++20";
				CLANG_ENABLE_MODULES = YES;
				CLANG_ENABLE_OBJC_ARC = YES;
				CLANG_ENABLE_OBJC_WEAK = YES;
				CLANG_WARN_BLOCK_CAPTURE_AUTORELEASING = YES;
				CLANG_WARN_BOOL_CONVERSION = YES;
				CLANG_WARN_COMMA = YES;
				CLANG_WARN_CONSTANT_CONVERSION = YES;
				CLANG_WARN_DEPRECATED_OBJC_IMPLEMENTATIONS = YES;
				CLANG_WARN_DIRECT_OBJC_ISA_USAGE = YES_ERROR;
				CLANG_WARN_DOCUMENTATION_COMMENTS = YES;
				CLANG_WARN_EMPTY_BODY = YES;
				CLANG_WARN_ENUM_CONVERSION = YES;
				CLANG_WARN_INFINITE_RECURSION = YES;
				CLANG_WARN_INT_CONVERSION = YES;
				CLANG_WARN_NON_LITERAL_NULL_CONVERSION = YES;
				CLANG_WARN_OBJC_IMPLICIT_RETAIN_SELF = YES;
				CLANG_WARN_OBJC_LITERAL_CONVERSION = YES;
				CLANG_WARN_OBJC_ROOT_CLASS = YES_ERROR;
				CLANG_WARN_QUOTED_INCLUDE_IN_FRAMEWORK_HEADER = YES;
				CLANG_WARN_RANGE_LOOP_ANALYSIS = YES;
				CLANG_WARN_STRICT_PROTOTYPES = YES;
				CLANG_WARN_SUSPICIOUS_MOVE = YES;
				CLANG_WARN_UNGUARDED_AVAILABILITY = YES_AGGRESSIVE;
				CLANG_WARN_UNREACHABLE_CODE = YES;
				CLANG_WARN__DUPLICATE_METHOD_MATCH = YES;
				COPY_PHASE_STRIP = NO;
				DEBUG_INFORMATION_FORMAT = dwarf;
				ENABLE_STRICT_OBJC_MSGSEND = YES;
				ENABLE_TESTABILITY = YES;
				GCC_C_LANGUAGE_STANDARD = gnu11;
				GCC_DYNAMIC_NO_PIC = NO;
				GCC_NO_COMMON_BLOCKS = YES;
				GCC_OPTIMIZATION_LEVEL = 0;
				GCC_PREPROCESSOR_DEFINITIONS = (
					"DEBUG=1",
					"$(inherited)",
				);
				GCC_WARN_64_TO_32_BIT_CONVERSION = YES;
				GCC_WARN_ABOUT_RETURN_TYPE = YES_ERROR;
				GCC_WARN_UNDECLARED_SELECTOR = YES;
				GCC_WARN_UNINITIALIZED_AUTOS = YES_AGGRESSIVE;
				GCC_WARN_UNUSED_FUNCTION = YES;
				GCC_WARN_UNUSED_VARIABLE = YES;
				MTL_ENABLE_DEBUG_INFO = INCLUDE_SOURCE;
				MTL_FAST_MATH = YES;
				ONLY_ACTIVE_ARCH = YES;
				SWIFT_ACTIVE_COMPILATION_CONDITIONS = DEBUG;
				SWIFT_OPTIMIZATION_LEVEL = "-Onone";
			};
			name = Debug;
		};
		23FB14DA2A769B4F004610FC /* Release */ = {
			isa = XCBuildConfiguration;
			buildSettings = {
				ALWAYS_SEARCH_USER_PATHS = NO;
				CLANG_ANALYZER_NONNULL = YES;
				CLANG_ANALYZER_NUMBER_OBJECT_CONVERSION = YES_AGGRESSIVE;
				CLANG_CXX_LANGUAGE_STANDARD = "gnu++20";
				CLANG_ENABLE_MODULES = YES;
				CLANG_ENABLE_OBJC_ARC = YES;
				CLANG_ENABLE_OBJC_WEAK = YES;
				CLANG_WARN_BLOCK_CAPTURE_AUTORELEASING = YES;
				CLANG_WARN_BOOL_CONVERSION = YES;
				CLANG_WARN_COMMA = YES;
				CLANG_WARN_CONSTANT_CONVERSION = YES;
				CLANG_WARN_DEPRECATED_OBJC_IMPLEMENTATIONS = YES;
				CLANG_WARN_DIRECT_OBJC_ISA_USAGE = YES_ERROR;
				CLANG_WARN_DOCUMENTATION_COMMENTS = YES;
				CLANG_WARN_EMPTY_BODY = YES;
				CLANG_WARN_ENUM_CONVERSION = YES;
				CLANG_WARN_INFINITE_RECURSION = YES;
				CLANG_WARN_INT_CONVERSION = YES;
				CLANG_WARN_NON_LITERAL_NULL_CONVERSION = YES;
				CLANG_WARN_OBJC_IMPLICIT_RETAIN_SELF = YES;
				CLANG_WARN_OBJC_LITERAL_CONVERSION = YES;
				CLANG_WARN_OBJC_ROOT_CLASS = YES_ERROR;
				CLANG_WARN_QUOTED_INCLUDE_IN_FRAMEWORK_HEADER = YES;
				CLANG_WARN_RANGE_LOOP_ANALYSIS = YES;
				CLANG_WARN_STRICT_PROTOTYPES = YES;
				CLANG_WARN_SUSPICIOUS_MOVE = YES;
				CLANG_WARN_UNGUARDED_AVAILABILITY = YES_AGGRESSIVE;
				CLANG_WARN_UNREACHABLE_CODE = YES;
				CLANG_WARN__DUPLICATE_METHOD_MATCH = YES;
				COPY_PHASE_STRIP = NO;
				DEBUG_INFORMATION_FORMAT = "dwarf-with-dsym";
				ENABLE_NS_ASSERTIONS = NO;
				ENABLE_STRICT_OBJC_MSGSEND = YES;
				GCC_C_LANGUAGE_STANDARD = gnu11;
				GCC_NO_COMMON_BLOCKS = YES;
				GCC_WARN_64_TO_32_BIT_CONVERSION = YES;
				GCC_WARN_ABOUT_RETURN_TYPE = YES_ERROR;
				GCC_WARN_UNDECLARED_SELECTOR = YES;
				GCC_WARN_UNINITIALIZED_AUTOS = YES_AGGRESSIVE;
				GCC_WARN_UNUSED_FUNCTION = YES;
				GCC_WARN_UNUSED_VARIABLE = YES;
				MTL_ENABLE_DEBUG_INFO = NO;
				MTL_FAST_MATH = YES;
				SWIFT_COMPILATION_MODE = wholemodule;
				SWIFT_OPTIMIZATION_LEVEL = "-O";
			};
			name = Release;
		};
		23FB14DC2A769B4F004610FC /* Debug */ = {
			isa = XCBuildConfiguration;
			buildSettings = {
				ASSETCATALOG_COMPILER_APPICON_NAME = AppIcon;
				ASSETCATALOG_COMPILER_GLOBAL_ACCENT_COLOR_NAME = AccentColor;
				CODE_SIGN_ENTITLEMENTS = "NodeTaskManager-iOS/NodeTaskManager_iOS.entitlements";
				CODE_SIGN_STYLE = Automatic;
				CURRENT_PROJECT_VERSION = 1;
				DEVELOPMENT_ASSET_PATHS = "\"NodeTaskManager-iOS/Preview Content\"";
				DEVELOPMENT_TEAM = 2Y52AWN65B;
				ENABLE_HARDENED_RUNTIME = YES;
				ENABLE_PREVIEWS = YES;
				GENERATE_INFOPLIST_FILE = YES;
				"INFOPLIST_KEY_UIApplicationSceneManifest_Generation[sdk=iphoneos*]" = YES;
				"INFOPLIST_KEY_UIApplicationSceneManifest_Generation[sdk=iphonesimulator*]" = YES;
				"INFOPLIST_KEY_UIApplicationSupportsIndirectInputEvents[sdk=iphoneos*]" = YES;
				"INFOPLIST_KEY_UIApplicationSupportsIndirectInputEvents[sdk=iphonesimulator*]" = YES;
				"INFOPLIST_KEY_UILaunchScreen_Generation[sdk=iphoneos*]" = YES;
				"INFOPLIST_KEY_UILaunchScreen_Generation[sdk=iphonesimulator*]" = YES;
				"INFOPLIST_KEY_UIStatusBarStyle[sdk=iphoneos*]" = UIStatusBarStyleDefault;
				"INFOPLIST_KEY_UIStatusBarStyle[sdk=iphonesimulator*]" = UIStatusBarStyleDefault;
				INFOPLIST_KEY_UISupportedInterfaceOrientations_iPad = "UIInterfaceOrientationPortrait UIInterfaceOrientationPortraitUpsideDown UIInterfaceOrientationLandscapeLeft UIInterfaceOrientationLandscapeRight";
				INFOPLIST_KEY_UISupportedInterfaceOrientations_iPhone = "UIInterfaceOrientationPortrait UIInterfaceOrientationLandscapeLeft UIInterfaceOrientationLandscapeRight";
				IPHONEOS_DEPLOYMENT_TARGET = 16.2;
				LD_RUNPATH_SEARCH_PATHS = "@executable_path/Frameworks";
				"LD_RUNPATH_SEARCH_PATHS[sdk=macosx*]" = "@executable_path/../Frameworks";
				MACOSX_DEPLOYMENT_TARGET = 13.1;
				MARKETING_VERSION = 1.0;
				PRODUCT_BUNDLE_IDENTIFIER = "berkaydisli.NodeTaskManager-iOS";
				PRODUCT_NAME = "$(TARGET_NAME)";
				SDKROOT = auto;
				SUPPORTED_PLATFORMS = "iphoneos iphonesimulator macosx";
				SWIFT_EMIT_LOC_STRINGS = YES;
				SWIFT_VERSION = 5.0;
				TARGETED_DEVICE_FAMILY = "1,2";
			};
			name = Debug;
		};
		23FB14DD2A769B4F004610FC /* Release */ = {
			isa = XCBuildConfiguration;
			buildSettings = {
				ASSETCATALOG_COMPILER_APPICON_NAME = AppIcon;
				ASSETCATALOG_COMPILER_GLOBAL_ACCENT_COLOR_NAME = AccentColor;
				CODE_SIGN_ENTITLEMENTS = "NodeTaskManager-iOS/NodeTaskManager_iOS.entitlements";
				CODE_SIGN_STYLE = Automatic;
				CURRENT_PROJECT_VERSION = 1;
				DEVELOPMENT_ASSET_PATHS = "\"NodeTaskManager-iOS/Preview Content\"";
				DEVELOPMENT_TEAM = 2Y52AWN65B;
				ENABLE_HARDENED_RUNTIME = YES;
				ENABLE_PREVIEWS = YES;
				GENERATE_INFOPLIST_FILE = YES;
				"INFOPLIST_KEY_UIApplicationSceneManifest_Generation[sdk=iphoneos*]" = YES;
				"INFOPLIST_KEY_UIApplicationSceneManifest_Generation[sdk=iphonesimulator*]" = YES;
				"INFOPLIST_KEY_UIApplicationSupportsIndirectInputEvents[sdk=iphoneos*]" = YES;
				"INFOPLIST_KEY_UIApplicationSupportsIndirectInputEvents[sdk=iphonesimulator*]" = YES;
				"INFOPLIST_KEY_UILaunchScreen_Generation[sdk=iphoneos*]" = YES;
				"INFOPLIST_KEY_UILaunchScreen_Generation[sdk=iphonesimulator*]" = YES;
				"INFOPLIST_KEY_UIStatusBarStyle[sdk=iphoneos*]" = UIStatusBarStyleDefault;
				"INFOPLIST_KEY_UIStatusBarStyle[sdk=iphonesimulator*]" = UIStatusBarStyleDefault;
				INFOPLIST_KEY_UISupportedInterfaceOrientations_iPad = "UIInterfaceOrientationPortrait UIInterfaceOrientationPortraitUpsideDown UIInterfaceOrientationLandscapeLeft UIInterfaceOrientationLandscapeRight";
				INFOPLIST_KEY_UISupportedInterfaceOrientations_iPhone = "UIInterfaceOrientationPortrait UIInterfaceOrientationLandscapeLeft UIInterfaceOrientationLandscapeRight";
				IPHONEOS_DEPLOYMENT_TARGET = 16.2;
				LD_RUNPATH_SEARCH_PATHS = "@executable_path/Frameworks";
				"LD_RUNPATH_SEARCH_PATHS[sdk=macosx*]" = "@executable_path/../Frameworks";
				MACOSX_DEPLOYMENT_TARGET = 13.1;
				MARKETING_VERSION = 1.0;
				PRODUCT_BUNDLE_IDENTIFIER = "berkaydisli.NodeTaskManager-iOS";
				PRODUCT_NAME = "$(TARGET_NAME)";
				SDKROOT = auto;
				SUPPORTED_PLATFORMS = "iphoneos iphonesimulator macosx";
				SWIFT_EMIT_LOC_STRINGS = YES;
				SWIFT_VERSION = 5.0;
				TARGETED_DEVICE_FAMILY = "1,2";
			};
			name = Release;
		};
		23FB14DF2A769B4F004610FC /* Debug */ = {
			isa = XCBuildConfiguration;
			buildSettings = {
				ALWAYS_EMBED_SWIFT_STANDARD_LIBRARIES = YES;
				BUNDLE_LOADER = "$(TEST_HOST)";
				CODE_SIGN_STYLE = Automatic;
				CURRENT_PROJECT_VERSION = 1;
				DEVELOPMENT_TEAM = 2Y52AWN65B;
				GENERATE_INFOPLIST_FILE = YES;
				IPHONEOS_DEPLOYMENT_TARGET = 16.2;
				MACOSX_DEPLOYMENT_TARGET = 13.1;
				MARKETING_VERSION = 1.0;
				PRODUCT_BUNDLE_IDENTIFIER = "berkaydisli.NodeTaskManager-iOSTests";
				PRODUCT_NAME = "$(TARGET_NAME)";
				SDKROOT = auto;
				SUPPORTED_PLATFORMS = "iphoneos iphonesimulator macosx";
				SWIFT_EMIT_LOC_STRINGS = NO;
				SWIFT_VERSION = 5.0;
				TARGETED_DEVICE_FAMILY = "1,2";
				TEST_HOST = "$(BUILT_PRODUCTS_DIR)/NodeTaskManager-iOS.app/$(BUNDLE_EXECUTABLE_FOLDER_PATH)/NodeTaskManager-iOS";
			};
			name = Debug;
		};
		23FB14E02A769B4F004610FC /* Release */ = {
			isa = XCBuildConfiguration;
			buildSettings = {
				ALWAYS_EMBED_SWIFT_STANDARD_LIBRARIES = YES;
				BUNDLE_LOADER = "$(TEST_HOST)";
				CODE_SIGN_STYLE = Automatic;
				CURRENT_PROJECT_VERSION = 1;
				DEVELOPMENT_TEAM = 2Y52AWN65B;
				GENERATE_INFOPLIST_FILE = YES;
				IPHONEOS_DEPLOYMENT_TARGET = 16.2;
				MACOSX_DEPLOYMENT_TARGET = 13.1;
				MARKETING_VERSION = 1.0;
				PRODUCT_BUNDLE_IDENTIFIER = "berkaydisli.NodeTaskManager-iOSTests";
				PRODUCT_NAME = "$(TARGET_NAME)";
				SDKROOT = auto;
				SUPPORTED_PLATFORMS = "iphoneos iphonesimulator macosx";
				SWIFT_EMIT_LOC_STRINGS = NO;
				SWIFT_VERSION = 5.0;
				TARGETED_DEVICE_FAMILY = "1,2";
				TEST_HOST = "$(BUILT_PRODUCTS_DIR)/NodeTaskManager-iOS.app/$(BUNDLE_EXECUTABLE_FOLDER_PATH)/NodeTaskManager-iOS";
			};
			name = Release;
		};
		23FB14E22A769B4F004610FC /* Debug */ = {
			isa = XCBuildConfiguration;
			buildSettings = {
				ALWAYS_EMBED_SWIFT_STANDARD_LIBRARIES = YES;
				CODE_SIGN_STYLE = Automatic;
				CURRENT_PROJECT_VERSION = 1;
				DEVELOPMENT_TEAM = 2Y52AWN65B;
				GENERATE_INFOPLIST_FILE = YES;
				IPHONEOS_DEPLOYMENT_TARGET = 16.2;
				MACOSX_DEPLOYMENT_TARGET = 13.1;
				MARKETING_VERSION = 1.0;
				PRODUCT_BUNDLE_IDENTIFIER = "berkaydisli.NodeTaskManager-iOSUITests";
				PRODUCT_NAME = "$(TARGET_NAME)";
				SDKROOT = auto;
				SUPPORTED_PLATFORMS = "iphoneos iphonesimulator macosx";
				SWIFT_EMIT_LOC_STRINGS = NO;
				SWIFT_VERSION = 5.0;
				TARGETED_DEVICE_FAMILY = "1,2";
				TEST_TARGET_NAME = "NodeTaskManager-iOS";
			};
			name = Debug;
		};
		23FB14E32A769B4F004610FC /* Release */ = {
			isa = XCBuildConfiguration;
			buildSettings = {
				ALWAYS_EMBED_SWIFT_STANDARD_LIBRARIES = YES;
				CODE_SIGN_STYLE = Automatic;
				CURRENT_PROJECT_VERSION = 1;
				DEVELOPMENT_TEAM = 2Y52AWN65B;
				GENERATE_INFOPLIST_FILE = YES;
				IPHONEOS_DEPLOYMENT_TARGET = 16.2;
				MACOSX_DEPLOYMENT_TARGET = 13.1;
				MARKETING_VERSION = 1.0;
				PRODUCT_BUNDLE_IDENTIFIER = "berkaydisli.NodeTaskManager-iOSUITests";
				PRODUCT_NAME = "$(TARGET_NAME)";
				SDKROOT = auto;
				SUPPORTED_PLATFORMS = "iphoneos iphonesimulator macosx";
				SWIFT_EMIT_LOC_STRINGS = NO;
				SWIFT_VERSION = 5.0;
				TARGETED_DEVICE_FAMILY = "1,2";
				TEST_TARGET_NAME = "NodeTaskManager-iOS";
			};
			name = Release;
		};
/* End XCBuildConfiguration section */

/* Begin XCConfigurationList section */
		23FB14B12A769B4E004610FC /* Build configuration list for PBXProject "NodeTaskManager-iOS" */ = {
			isa = XCConfigurationList;
			buildConfigurations = (
				23FB14D92A769B4F004610FC /* Debug */,
				23FB14DA2A769B4F004610FC /* Release */,
			);
			defaultConfigurationIsVisible = 0;
			defaultConfigurationName = Release;
		};
		23FB14DB2A769B4F004610FC /* Build configuration list for PBXNativeTarget "NodeTaskManager-iOS" */ = {
			isa = XCConfigurationList;
			buildConfigurations = (
				23FB14DC2A769B4F004610FC /* Debug */,
				23FB14DD2A769B4F004610FC /* Release */,
			);
			defaultConfigurationIsVisible = 0;
			defaultConfigurationName = Release;
		};
		23FB14DE2A769B4F004610FC /* Build configuration list for PBXNativeTarget "NodeTaskManager-iOSTests" */ = {
			isa = XCConfigurationList;
			buildConfigurations = (
				23FB14DF2A769B4F004610FC /* Debug */,
				23FB14E02A769B4F004610FC /* Release */,
			);
			defaultConfigurationIsVisible = 0;
			defaultConfigurationName = Release;
		};
		23FB14E12A769B4F004610FC /* Build configuration list for PBXNativeTarget "NodeTaskManager-iOSUITests" */ = {
			isa = XCConfigurationList;
			buildConfigurations = (
				23FB14E22A769B4F004610FC /* Debug */,
				23FB14E32A769B4F004610FC /* Release */,
			);
			defaultConfigurationIsVisible = 0;
			defaultConfigurationName = Release;
		};
/* End XCConfigurationList section */

/* Begin XCRemoteSwiftPackageReference section */
		237AF7DF2A769D1C00C3FA96 /* XCRemoteSwiftPackageReference "Kingfisher" */ = {
			isa = XCRemoteSwiftPackageReference;
			repositoryURL = "https://github.com/onevcat/Kingfisher";
			requirement = {
				kind = upToNextMajorVersion;
				minimumVersion = 7.0.0;
			};
		};
/* End XCRemoteSwiftPackageReference section */

/* Begin XCSwiftPackageProductDependency section */
		237AF7E02A769D1C00C3FA96 /* Kingfisher */ = {
			isa = XCSwiftPackageProductDependency;
			package = 237AF7DF2A769D1C00C3FA96 /* XCRemoteSwiftPackageReference "Kingfisher" */;
			productName = Kingfisher;
		};
/* End XCSwiftPackageProductDependency section */
	};
	rootObject = 23FB14AE2A769B4E004610FC /* Project object */;
}
